# This file is automatically @generated by Poetry 2.1.2 and should not be changed by hand.

[[package]]
name = "chutes-common"
version = "0.1.0"
description = "Common library for Chutes Miner"
optional = false
python-versions = ">=3.12"
groups = ["main"]
files = []
develop = false

[package.source]
type = "directory"
url = "../chutes-common"

[metadata]
lock-version = "2.1"
python-versions = ">=3.12"
content-hash = "b1a58e0912e4252e05c7502aedc70256c63f2f7622ff372574d8ea621a92508c"
